
Microsoft Visual Studio Solution File, Format Version 12.00
# Visual Studio Version 17
VisualStudioVersion = 17.6.33815.320
MinimumVisualStudioVersion = 10.0.40219.1
Project("{FAE04EC0-301F-11D3-BF4B-00C04F79EFBC}") = "HW2.2_PRO", "HW2.2_PRO\HW2.2_PRO.csproj", "{7EEA2C47-1582-4ABA-B7C2-2D12BA42BFFE}"
EndProject
Global
	GlobalSection(SolutionConfigurationPlatforms) = preSolution
		Debug|Any CPU = Debug|Any CPU
		Release|Any CPU = Release|Any CPU
	EndGlobalSection
	GlobalSection(ProjectConfigurationPlatforms) = postSolution
		{7EEA2C47-1582-4ABA-B7C2-2D12BA42BFFE}.Debug|Any CPU.ActiveCfg = Debug|Any CPU
		{7EEA2C47-1582-4ABA-B7C2-2D12BA42BFFE}.Debug|Any CPU.Build.0 = Debug|Any CPU
		{7EEA2C47-1582-4ABA-B7C2-2D12BA42BFFE}.Release|Any CPU.ActiveCfg = Release|Any CPU
		{7EEA2C47-1582-4ABA-B7C2-2D12BA42BFFE}.Release|Any CPU.Build.0 = Release|Any CPU
	EndGlobalSection
	GlobalSection(SolutionProperties) = preSolution
		HideSolutionNode = FALSE
	EndGlobalSection
	GlobalSection(ExtensibilityGlobals) = postSolution
		SolutionGuid = {B9BDA667-64CF-4205-8B3D-D013DD33CD28}
	EndGlobalSection
EndGlobal
